
Microsoft Visual Studio Solution File, Format Version 12.00
# Visual Studio 2017
Project("{FAE04EC0-301F-11D3-BF4B-00C04F79EFBC}") = "3dplatformer.Plugins", "3dplatformer.Plugins.csproj", "{426B47D5-2F74-D5FE-B1EF-CD451A5A9281}"
EndProject
Project("{FAE04EC0-301F-11D3-BF4B-00C04F79EFBC}") = "3dplatformer", "3dplatformer.csproj", "{B8620997-A48C-0862-7637-BA14EA5A098F}"
EndProject
Project("{FAE04EC0-301F-11D3-BF4B-00C04F79EFBC}") = "3dplatformer.Editor.Plugins", "3dplatformer.Editor.Plugins.csproj", "{BB4541B8-82FC-9388-104A-66B130297E4A}"
EndProject
Global
	GlobalSection(SolutionConfigurationPlatforms) = preSolution
		Debug|Any CPU = Debug|Any CPU
		Release|Any CPU = Release|Any CPU
	EndGlobalSection
	GlobalSection(ProjectConfigurationPlatforms) = postSolution
		{426B47D5-2F74-D5FE-B1EF-CD451A5A9281}.Debug|Any CPU.ActiveCfg = Debug|Any CPU
		{426B47D5-2F74-D5FE-B1EF-CD451A5A9281}.Debug|Any CPU.Build.0 = Debug|Any CPU
		{426B47D5-2F74-D5FE-B1EF-CD451A5A9281}.Release|Any CPU.ActiveCfg = Release|Any CPU
		{426B47D5-2F74-D5FE-B1EF-CD451A5A9281}.Release|Any CPU.Build.0 = Release|Any CPU
		{B8620997-A48C-0862-7637-BA14EA5A098F}.Debug|Any CPU.ActiveCfg = Debug|Any CPU
		{B8620997-A48C-0862-7637-BA14EA5A098F}.Debug|Any CPU.Build.0 = Debug|Any CPU
		{B8620997-A48C-0862-7637-BA14EA5A098F}.Release|Any CPU.ActiveCfg = Release|Any CPU
		{B8620997-A48C-0862-7637-BA14EA5A098F}.Release|Any CPU.Build.0 = Release|Any CPU
		{BB4541B8-82FC-9388-104A-66B130297E4A}.Debug|Any CPU.ActiveCfg = Debug|Any CPU
		{BB4541B8-82FC-9388-104A-66B130297E4A}.Debug|Any CPU.Build.0 = Debug|Any CPU
		{BB4541B8-82FC-9388-104A-66B130297E4A}.Release|Any CPU.ActiveCfg = Release|Any CPU
		{BB4541B8-82FC-9388-104A-66B130297E4A}.Release|Any CPU.Build.0 = Release|Any CPU
	EndGlobalSection
	GlobalSection(SolutionProperties) = preSolution
		HideSolutionNode = FALSE
	EndGlobalSection
EndGlobal
